
Microsoft Visual Studio Solution File, Format Version 12.00
# Visual Studio 15
VisualStudioVersion = 15.0.28307.902
MinimumVisualStudioVersion = 10.0.40219.1
Project("{FAE04EC0-301F-11D3-BF4B-00C04F79EFBC}") = "CapaVista", "CapaVista\CapaVista.csproj", "{D1A2C6A4-54F7-4BA7-9097-F177C8B49A69}"
EndProject
Project("{FAE04EC0-301F-11D3-BF4B-00C04F79EFBC}") = "CapaControlador", "CapaControlador\CapaControlador.csproj", "{D35455C4-4D9A-48AA-ABEB-6490E5318899}"
EndProject
Project("{FAE04EC0-301F-11D3-BF4B-00C04F79EFBC}") = "CapaModelo", "CapaModelo\CapaModelo.csproj", "{7C5267C4-AED1-4F72-8AB9-B03F2635CDFA}"
EndProject
Global
	GlobalSection(SolutionConfigurationPlatforms) = preSolution
		Debug|Any CPU = Debug|Any CPU
		Release|Any CPU = Release|Any CPU
	EndGlobalSection
	GlobalSection(ProjectConfigurationPlatforms) = postSolution
		{D1A2C6A4-54F7-4BA7-9097-F177C8B49A69}.Debug|Any CPU.ActiveCfg = Debug|Any CPU
		{D1A2C6A4-54F7-4BA7-9097-F177C8B49A69}.Debug|Any CPU.Build.0 = Debug|Any CPU
		{D1A2C6A4-54F7-4BA7-9097-F177C8B49A69}.Release|Any CPU.ActiveCfg = Release|Any CPU
		{D1A2C6A4-54F7-4BA7-9097-F177C8B49A69}.Release|Any CPU.Build.0 = Release|Any CPU
		{D35455C4-4D9A-48AA-ABEB-6490E5318899}.Debug|Any CPU.ActiveCfg = Debug|Any CPU
		{D35455C4-4D9A-48AA-ABEB-6490E5318899}.Debug|Any CPU.Build.0 = Debug|Any CPU
		{D35455C4-4D9A-48AA-ABEB-6490E5318899}.Release|Any CPU.ActiveCfg = Release|Any CPU
		{D35455C4-4D9A-48AA-ABEB-6490E5318899}.Release|Any CPU.Build.0 = Release|Any CPU
		{7C5267C4-AED1-4F72-8AB9-B03F2635CDFA}.Debug|Any CPU.ActiveCfg = Debug|Any CPU
		{7C5267C4-AED1-4F72-8AB9-B03F2635CDFA}.Debug|Any CPU.Build.0 = Debug|Any CPU
		{7C5267C4-AED1-4F72-8AB9-B03F2635CDFA}.Release|Any CPU.ActiveCfg = Release|Any CPU
		{7C5267C4-AED1-4F72-8AB9-B03F2635CDFA}.Release|Any CPU.Build.0 = Release|Any CPU
	EndGlobalSection
	GlobalSection(SolutionProperties) = preSolution
		HideSolutionNode = FALSE
	EndGlobalSection
	GlobalSection(ExtensibilityGlobals) = postSolution
		SolutionGuid = {42E8AF08-B25C-4D09-AA28-AB8322BD3EE3}
	EndGlobalSection
EndGlobal
